
Microsoft Visual Studio Solution File, Format Version 12.00
# Visual Studio Version 17
VisualStudioVersion = 17.3.32929.385
MinimumVisualStudioVersion = 10.0.40219.1
Project("{FAE04EC0-301F-11D3-BF4B-00C04F79EFBC}") = "Library_Individual", "Library_Individual\Library_Individual.csproj", "{31D00D76-4FB4-40E4-BCF9-983B9BB1C0F6}"
EndProject
Global
	GlobalSection(SolutionConfigurationPlatforms) = preSolution
		Debug|Any CPU = Debug|Any CPU
		Release|Any CPU = Release|Any CPU
	EndGlobalSection
	GlobalSection(ProjectConfigurationPlatforms) = postSolution
		{31D00D76-4FB4-40E4-BCF9-983B9BB1C0F6}.Debug|Any CPU.ActiveCfg = Debug|Any CPU
		{31D00D76-4FB4-40E4-BCF9-983B9BB1C0F6}.Debug|Any CPU.Build.0 = Debug|Any CPU
		{31D00D76-4FB4-40E4-BCF9-983B9BB1C0F6}.Release|Any CPU.ActiveCfg = Release|Any CPU
		{31D00D76-4FB4-40E4-BCF9-983B9BB1C0F6}.Release|Any CPU.Build.0 = Release|Any CPU
	EndGlobalSection
	GlobalSection(SolutionProperties) = preSolution
		HideSolutionNode = FALSE
	EndGlobalSection
	GlobalSection(ExtensibilityGlobals) = postSolution
		SolutionGuid = {DE974E99-E8D7-4554-9731-D3AF30D53E7F}
	EndGlobalSection
EndGlobal
